// !$*UTF8*$!
{
	archiveVersion = 1;
	classes = {
	};
	objectVersion = 56;
	objects = {

/* Begin PBXBuildFile section */
		1F4AB0B52C524DD00077EE71 /* AppNavController.swift in Sources */ = {isa = PBXBuildFile; fileRef = 1F4AB0B42C524DD00077EE71 /* AppNavController.swift */; };
		1F4AB0BE2C525F340077EE71 /* PokemonListSC.swift in Sources */ = {isa = PBXBuildFile; fileRef = 1F4AB0BB2C525F340077EE71 /* PokemonListSC.swift */; };
		1F4AB0BF2C525F340077EE71 /* PokemonListVM.swift in Sources */ = {isa = PBXBuildFile; fileRef = 1F4AB0BC2C525F340077EE71 /* PokemonListVM.swift */; };
		1F4AB0C12C525F6A0077EE71 /* PokemonDetailsRootVC.swift in Sources */ = {isa = PBXBuildFile; fileRef = 1F4AB0C02C525F6A0077EE71 /* PokemonDetailsRootVC.swift */; };
		1F4AB0C42C525FAD0077EE71 /* PokemonDetailsCoordinator.swift in Sources */ = {isa = PBXBuildFile; fileRef = 1F4AB0C32C525FAD0077EE71 /* PokemonDetailsCoordinator.swift */; };
		1F8812262C5505490038CBD0 /* Pokemon.swift in Sources */ = {isa = PBXBuildFile; fileRef = 1F8812252C5505490038CBD0 /* Pokemon.swift */; };
		1F8812292C55225F0038CBD0 /* ViewDidLoadModifier.swift in Sources */ = {isa = PBXBuildFile; fileRef = 1F8812282C55225F0038CBD0 /* ViewDidLoadModifier.swift */; };
		1F88122B2C5522CB0038CBD0 /* ViewExtension.swift in Sources */ = {isa = PBXBuildFile; fileRef = 1F88122A2C5522CB0038CBD0 /* ViewExtension.swift */; };
		1F88122E2C55435A0038CBD0 /* PokemonManager.swift in Sources */ = {isa = PBXBuildFile; fileRef = 1F88122D2C55435A0038CBD0 /* PokemonManager.swift */; };
		1F96002F2C5143AC00C83FCB /* Logger in Frameworks */ = {isa = PBXBuildFile; productRef = 1F96002E2C5143AC00C83FCB /* Logger */; };
		1F9600312C5143E600C83FCB /* AppStrings.swift in Sources */ = {isa = PBXBuildFile; fileRef = 1F9600302C5143E600C83FCB /* AppStrings.swift */; };
		1FAA989C2C517247007E98C5 /* ComponentsKit in Frameworks */ = {isa = PBXBuildFile; productRef = 1FAA989B2C517247007E98C5 /* ComponentsKit */; };
		1FB852262C53B3E70016666E /* Networking in Frameworks */ = {isa = PBXBuildFile; productRef = 1FB852252C53B3E70016666E /* Networking */; };
		1FF5FB652C4FBF26001CC8ED /* AppDelegate.swift in Sources */ = {isa = PBXBuildFile; fileRef = 1FF5FB642C4FBF26001CC8ED /* AppDelegate.swift */; };
		1FF5FB6E2C4FBF26001CC8ED /* Assets.xcassets in Resources */ = {isa = PBXBuildFile; fileRef = 1FF5FB6D2C4FBF26001CC8ED /* Assets.xcassets */; };
		1FF5FB7C2C4FBF26001CC8ED /* pokeDex_example_appTests.swift in Sources */ = {isa = PBXBuildFile; fileRef = 1FF5FB7B2C4FBF26001CC8ED /* pokeDex_example_appTests.swift */; };
		1FF5FB9A2C4FC356001CC8ED /* HomeRootVC.swift in Sources */ = {isa = PBXBuildFile; fileRef = 1FF5FB992C4FC356001CC8ED /* HomeRootVC.swift */; };
		1FF5FB9E2C4FC3C5001CC8ED /* PokemonDetailsSC.swift in Sources */ = {isa = PBXBuildFile; fileRef = 1FF5FB9D2C4FC3C5001CC8ED /* PokemonDetailsSC.swift */; };
		1FF5FBA22C4FC406001CC8ED /* PokemonDetailsVM.swift in Sources */ = {isa = PBXBuildFile; fileRef = 1FF5FBA12C4FC406001CC8ED /* PokemonDetailsVM.swift */; };
		1FF5FBA42C4FC47B001CC8ED /* AppCoordinator.swift in Sources */ = {isa = PBXBuildFile; fileRef = 1FF5FBA32C4FC47B001CC8ED /* AppCoordinator.swift */; };
		1FF5FBA72C4FC720001CC8ED /* Splash.storyboard in Resources */ = {isa = PBXBuildFile; fileRef = 1FF5FBA62C4FC720001CC8ED /* Splash.storyboard */; };
		1FF5FBA92C4FC7C9001CC8ED /* SplashRootVC.swift in Sources */ = {isa = PBXBuildFile; fileRef = 1FF5FBA82C4FC7C9001CC8ED /* SplashRootVC.swift */; };
		1FF5FBAC2C4FC80E001CC8ED /* SplashSC.swift in Sources */ = {isa = PBXBuildFile; fileRef = 1FF5FBAB2C4FC80E001CC8ED /* SplashSC.swift */; };
		1FF5FBAE2C4FC81E001CC8ED /* SplashVM.swift in Sources */ = {isa = PBXBuildFile; fileRef = 1FF5FBAD2C4FC81E001CC8ED /* SplashVM.swift */; };
		1FF5FBB02C4FC84D001CC8ED /* HomeCoordinator.swift in Sources */ = {isa = PBXBuildFile; fileRef = 1FF5FBAF2C4FC84D001CC8ED /* HomeCoordinator.swift */; };
		1FF5FBB22C4FC878001CC8ED /* SplashCoordinator.swift in Sources */ = {isa = PBXBuildFile; fileRef = 1FF5FBB12C4FC878001CC8ED /* SplashCoordinator.swift */; };
		1FF5FBB62C50E868001CC8ED /* AssetKit in Frameworks */ = {isa = PBXBuildFile; productRef = 1FF5FBB52C50E868001CC8ED /* AssetKit */; };
		1FF5FBB82C50EC0D001CC8ED /* AppViewController.swift in Sources */ = {isa = PBXBuildFile; fileRef = 1FF5FBB72C50EC0D001CC8ED /* AppViewController.swift */; };
		1FF5FBBB2C50ECAA001CC8ED /* UIViewExtension.swift in Sources */ = {isa = PBXBuildFile; fileRef = 1FF5FBBA2C50ECAA001CC8ED /* UIViewExtension.swift */; };
/* End PBXBuildFile section */

/* Begin PBXContainerItemProxy section */
		1FF5FB782C4FBF26001CC8ED /* PBXContainerItemProxy */ = {
			isa = PBXContainerItemProxy;
			containerPortal = 1FF5FB592C4FBF25001CC8ED /* Project object */;
			proxyType = 1;
			remoteGlobalIDString = 1FF5FB602C4FBF25001CC8ED;
			remoteInfo = "pokeDex-example-app";
		};
/* End PBXContainerItemProxy section */

/* Begin PBXFileReference section */
		1F4AB0B42C524DD00077EE71 /* AppNavController.swift */ = {isa = PBXFileReference; lastKnownFileType = sourcecode.swift; path = AppNavController.swift; sourceTree = "<group>"; };
		1F4AB0BB2C525F340077EE71 /* PokemonListSC.swift */ = {isa = PBXFileReference; fileEncoding = 4; lastKnownFileType = sourcecode.swift; path = PokemonListSC.swift; sourceTree = "<group>"; };
		1F4AB0BC2C525F340077EE71 /* PokemonListVM.swift */ = {isa = PBXFileReference; fileEncoding = 4; lastKnownFileType = sourcecode.swift; path = PokemonListVM.swift; sourceTree = "<group>"; };
		1F4AB0C02C525F6A0077EE71 /* PokemonDetailsRootVC.swift */ = {isa = PBXFileReference; lastKnownFileType = sourcecode.swift; path = PokemonDetailsRootVC.swift; sourceTree = "<group>"; };
		1F4AB0C32C525FAD0077EE71 /* PokemonDetailsCoordinator.swift */ = {isa = PBXFileReference; lastKnownFileType = sourcecode.swift; path = PokemonDetailsCoordinator.swift; sourceTree = "<group>"; };
		1F7EC3262C53AA25007EAC16 /* Networking */ = {isa = PBXFileReference; lastKnownFileType = wrapper; path = Networking; sourceTree = "<group>"; };
		1F8812252C5505490038CBD0 /* Pokemon.swift */ = {isa = PBXFileReference; lastKnownFileType = sourcecode.swift; path = Pokemon.swift; sourceTree = "<group>"; };
		1F8812282C55225F0038CBD0 /* ViewDidLoadModifier.swift */ = {isa = PBXFileReference; lastKnownFileType = sourcecode.swift; path = ViewDidLoadModifier.swift; sourceTree = "<group>"; };
		1F88122A2C5522CB0038CBD0 /* ViewExtension.swift */ = {isa = PBXFileReference; lastKnownFileType = sourcecode.swift; path = ViewExtension.swift; sourceTree = "<group>"; };
		1F88122D2C55435A0038CBD0 /* PokemonManager.swift */ = {isa = PBXFileReference; lastKnownFileType = sourcecode.swift; path = PokemonManager.swift; sourceTree = "<group>"; };
		1F96002D2C51402100C83FCB /* Logger */ = {isa = PBXFileReference; lastKnownFileType = wrapper; path = Logger; sourceTree = "<group>"; };
		1F9600302C5143E600C83FCB /* AppStrings.swift */ = {isa = PBXFileReference; lastKnownFileType = sourcecode.swift; path = AppStrings.swift; sourceTree = "<group>"; };
		1FAA989A2C516F79007E98C5 /* ComponentsKit */ = {isa = PBXFileReference; lastKnownFileType = wrapper; path = ComponentsKit; sourceTree = "<group>"; };
		1FF5FB612C4FBF26001CC8ED /* pokeDex-example-app.app */ = {isa = PBXFileReference; explicitFileType = wrapper.application; includeInIndex = 0; path = "pokeDex-example-app.app"; sourceTree = BUILT_PRODUCTS_DIR; };
		1FF5FB642C4FBF26001CC8ED /* AppDelegate.swift */ = {isa = PBXFileReference; lastKnownFileType = sourcecode.swift; path = AppDelegate.swift; sourceTree = "<group>"; };
		1FF5FB6D2C4FBF26001CC8ED /* Assets.xcassets */ = {isa = PBXFileReference; lastKnownFileType = folder.assetcatalog; path = Assets.xcassets; sourceTree = "<group>"; };
		1FF5FB722C4FBF26001CC8ED /* Info.plist */ = {isa = PBXFileReference; lastKnownFileType = text.plist.xml; path = Info.plist; sourceTree = "<group>"; };
		1FF5FB772C4FBF26001CC8ED /* pokeDex-example-appTests.xctest */ = {isa = PBXFileReference; explicitFileType = wrapper.cfbundle; includeInIndex = 0; path = "pokeDex-example-appTests.xctest"; sourceTree = BUILT_PRODUCTS_DIR; };
		1FF5FB7B2C4FBF26001CC8ED /* pokeDex_example_appTests.swift */ = {isa = PBXFileReference; lastKnownFileType = sourcecode.swift; path = pokeDex_example_appTests.swift; sourceTree = "<group>"; };
		1FF5FB992C4FC356001CC8ED /* HomeRootVC.swift */ = {isa = PBXFileReference; lastKnownFileType = sourcecode.swift; path = HomeRootVC.swift; sourceTree = "<group>"; };
		1FF5FB9D2C4FC3C5001CC8ED /* PokemonDetailsSC.swift */ = {isa = PBXFileReference; lastKnownFileType = sourcecode.swift; path = PokemonDetailsSC.swift; sourceTree = "<group>"; };
		1FF5FBA12C4FC406001CC8ED /* PokemonDetailsVM.swift */ = {isa = PBXFileReference; lastKnownFileType = sourcecode.swift; path = PokemonDetailsVM.swift; sourceTree = "<group>"; };
		1FF5FBA32C4FC47B001CC8ED /* AppCoordinator.swift */ = {isa = PBXFileReference; lastKnownFileType = sourcecode.swift; path = AppCoordinator.swift; sourceTree = "<group>"; };
		1FF5FBA62C4FC720001CC8ED /* Splash.storyboard */ = {isa = PBXFileReference; lastKnownFileType = file.storyboard; path = Splash.storyboard; sourceTree = "<group>"; };
		1FF5FBA82C4FC7C9001CC8ED /* SplashRootVC.swift */ = {isa = PBXFileReference; lastKnownFileType = sourcecode.swift; path = SplashRootVC.swift; sourceTree = "<group>"; };
		1FF5FBAB2C4FC80E001CC8ED /* SplashSC.swift */ = {isa = PBXFileReference; lastKnownFileType = sourcecode.swift; path = SplashSC.swift; sourceTree = "<group>"; };
		1FF5FBAD2C4FC81E001CC8ED /* SplashVM.swift */ = {isa = PBXFileReference; lastKnownFileType = sourcecode.swift; path = SplashVM.swift; sourceTree = "<group>"; };
		1FF5FBAF2C4FC84D001CC8ED /* HomeCoordinator.swift */ = {isa = PBXFileReference; lastKnownFileType = sourcecode.swift; path = HomeCoordinator.swift; sourceTree = "<group>"; };
		1FF5FBB12C4FC878001CC8ED /* SplashCoordinator.swift */ = {isa = PBXFileReference; lastKnownFileType = sourcecode.swift; path = SplashCoordinator.swift; sourceTree = "<group>"; };
		1FF5FBB32C50DDB9001CC8ED /* AssetKit */ = {isa = PBXFileReference; lastKnownFileType = wrapper; path = AssetKit; sourceTree = "<group>"; };
		1FF5FBB72C50EC0D001CC8ED /* AppViewController.swift */ = {isa = PBXFileReference; lastKnownFileType = sourcecode.swift; path = AppViewController.swift; sourceTree = "<group>"; };
		1FF5FBBA2C50ECAA001CC8ED /* UIViewExtension.swift */ = {isa = PBXFileReference; lastKnownFileType = sourcecode.swift; path = UIViewExtension.swift; sourceTree = "<group>"; };
/* End PBXFileReference section */

/* Begin PBXFrameworksBuildPhase section */
		1FF5FB5E2C4FBF25001CC8ED /* Frameworks */ = {
			isa = PBXFrameworksBuildPhase;
			buildActionMask = 2147483647;
			files = (
				1F96002F2C5143AC00C83FCB /* Logger in Frameworks */,
				1FAA989C2C517247007E98C5 /* ComponentsKit in Frameworks */,
				1FB852262C53B3E70016666E /* Networking in Frameworks */,
				1FF5FBB62C50E868001CC8ED /* AssetKit in Frameworks */,
			);
			runOnlyForDeploymentPostprocessing = 0;
		};
		1FF5FB742C4FBF26001CC8ED /* Frameworks */ = {
			isa = PBXFrameworksBuildPhase;
			buildActionMask = 2147483647;
			files = (
			);
			runOnlyForDeploymentPostprocessing = 0;
		};
/* End PBXFrameworksBuildPhase section */

/* Begin PBXGroup section */
		1F4AB0BD2C525F340077EE71 /* PokemonList */ = {
			isa = PBXGroup;
			children = (
				1F4AB0BC2C525F340077EE71 /* PokemonListVM.swift */,
				1F4AB0BB2C525F340077EE71 /* PokemonListSC.swift */,
			);
			path = PokemonList;
			sourceTree = "<group>";
		};
		1F4AB0C22C525F7B0077EE71 /* SwiftUIViews */ = {
			isa = PBXGroup;
			children = (
				1FF5FBA12C4FC406001CC8ED /* PokemonDetailsVM.swift */,
				1FF5FB9D2C4FC3C5001CC8ED /* PokemonDetailsSC.swift */,
			);
			path = SwiftUIViews;
			sourceTree = "<group>";
		};
		1F8812242C5504E70038CBD0 /* Models */ = {
			isa = PBXGroup;
			children = (
				1F8812252C5505490038CBD0 /* Pokemon.swift */,
			);
			path = Models;
			sourceTree = "<group>";
		};
		1F8812272C55222D0038CBD0 /* Helpers */ = {
			isa = PBXGroup;
			children = (
				1F8812282C55225F0038CBD0 /* ViewDidLoadModifier.swift */,
			);
			path = Helpers;
			sourceTree = "<group>";
		};
		1F88122C2C5543410038CBD0 /* Managers */ = {
			isa = PBXGroup;
			children = (
				1F88122D2C55435A0038CBD0 /* PokemonManager.swift */,
			);
			path = Managers;
			sourceTree = "<group>";
		};
		1FF5FB582C4FBF25001CC8ED = {
			isa = PBXGroup;
			children = (
				1F96002D2C51402100C83FCB /* Logger */,
				1FF5FBB32C50DDB9001CC8ED /* AssetKit */,
				1F7EC3262C53AA25007EAC16 /* Networking */,
				1FAA989A2C516F79007E98C5 /* ComponentsKit */,
				1FF5FB632C4FBF26001CC8ED /* pokeDex-example-app */,
				1FF5FB7A2C4FBF26001CC8ED /* pokeDex-example-appTests */,
				1FF5FB622C4FBF26001CC8ED /* Products */,
				1FF5FBB42C50E868001CC8ED /* Frameworks */,
			);
			sourceTree = "<group>";
		};
		1FF5FB622C4FBF26001CC8ED /* Products */ = {
			isa = PBXGroup;
			children = (
				1FF5FB612C4FBF26001CC8ED /* pokeDex-example-app.app */,
				1FF5FB772C4FBF26001CC8ED /* pokeDex-example-appTests.xctest */,
			);
			name = Products;
			sourceTree = "<group>";
		};
		1FF5FB632C4FBF26001CC8ED /* pokeDex-example-app */ = {
			isa = PBXGroup;
			children = (
				1FF5FB942C4FC17B001CC8ED /* Application */,
				1F8812242C5504E70038CBD0 /* Models */,
				1FF5FB952C4FC1A4001CC8ED /* Modules */,
				1F88122C2C5543410038CBD0 /* Managers */,
				1F8812272C55222D0038CBD0 /* Helpers */,
				1FF5FBB92C50EC82001CC8ED /* Extensions */,
			);
			path = "pokeDex-example-app";
			sourceTree = "<group>";
		};
		1FF5FB7A2C4FBF26001CC8ED /* pokeDex-example-appTests */ = {
			isa = PBXGroup;
			children = (
				1FF5FB7B2C4FBF26001CC8ED /* pokeDex_example_appTests.swift */,
			);
			path = "pokeDex-example-appTests";
			sourceTree = "<group>";
		};
		1FF5FB942C4FC17B001CC8ED /* Application */ = {
			isa = PBXGroup;
			children = (
				1FF5FB642C4FBF26001CC8ED /* AppDelegate.swift */,
				1FF5FBA32C4FC47B001CC8ED /* AppCoordinator.swift */,
				1F4AB0B42C524DD00077EE71 /* AppNavController.swift */,
				1FF5FBB72C50EC0D001CC8ED /* AppViewController.swift */,
				1F9600302C5143E600C83FCB /* AppStrings.swift */,
				1FF5FB722C4FBF26001CC8ED /* Info.plist */,
				1FF5FB6D2C4FBF26001CC8ED /* Assets.xcassets */,
			);
			path = Application;
			sourceTree = "<group>";
		};
		1FF5FB952C4FC1A4001CC8ED /* Modules */ = {
			isa = PBXGroup;
			children = (
				1FF5FBA52C4FC67A001CC8ED /* Splash */,
				1FF5FB962C4FC204001CC8ED /* Home */,
				1FF5FB982C4FC28F001CC8ED /* PokemonDetails */,
			);
			path = Modules;
			sourceTree = "<group>";
		};
		1FF5FB962C4FC204001CC8ED /* Home */ = {
			isa = PBXGroup;
			children = (
				1FF5FBAF2C4FC84D001CC8ED /* HomeCoordinator.swift */,
				1FF5FB992C4FC356001CC8ED /* HomeRootVC.swift */,
				1F4AB0BD2C525F340077EE71 /* PokemonList */,
			);
			path = Home;
			sourceTree = "<group>";
		};
		1FF5FB982C4FC28F001CC8ED /* PokemonDetails */ = {
			isa = PBXGroup;
			children = (
				1F4AB0C32C525FAD0077EE71 /* PokemonDetailsCoordinator.swift */,
				1F4AB0C02C525F6A0077EE71 /* PokemonDetailsRootVC.swift */,
				1F4AB0C22C525F7B0077EE71 /* SwiftUIViews */,
			);
			path = PokemonDetails;
			sourceTree = "<group>";
		};
		1FF5FBA52C4FC67A001CC8ED /* Splash */ = {
			isa = PBXGroup;
			children = (
				1FF5FBB12C4FC878001CC8ED /* SplashCoordinator.swift */,
				1FF5FBA82C4FC7C9001CC8ED /* SplashRootVC.swift */,
				1FF5FBA62C4FC720001CC8ED /* Splash.storyboard */,
				1FF5FBAA2C4FC7F7001CC8ED /* SwiftUIViews */,
			);
			path = Splash;
			sourceTree = "<group>";
		};
		1FF5FBAA2C4FC7F7001CC8ED /* SwiftUIViews */ = {
			isa = PBXGroup;
			children = (
				1FF5FBAD2C4FC81E001CC8ED /* SplashVM.swift */,
				1FF5FBAB2C4FC80E001CC8ED /* SplashSC.swift */,
			);
			path = SwiftUIViews;
			sourceTree = "<group>";
		};
		1FF5FBB42C50E868001CC8ED /* Frameworks */ = {
			isa = PBXGroup;
			children = (
			);
			name = Frameworks;
			sourceTree = "<group>";
		};
		1FF5FBB92C50EC82001CC8ED /* Extensions */ = {
			isa = PBXGroup;
			children = (
				1FF5FBBA2C50ECAA001CC8ED /* UIViewExtension.swift */,
				1F88122A2C5522CB0038CBD0 /* ViewExtension.swift */,
			);
			path = Extensions;
			sourceTree = "<group>";
		};
/* End PBXGroup section */

/* Begin PBXNativeTarget section */
		1FF5FB602C4FBF25001CC8ED /* pokeDex-example-app */ = {
			isa = PBXNativeTarget;
			buildConfigurationList = 1FF5FB8B2C4FBF26001CC8ED /* Build configuration list for PBXNativeTarget "pokeDex-example-app" */;
			buildPhases = (
				1FF5FB5D2C4FBF25001CC8ED /* Sources */,
				1FF5FB5E2C4FBF25001CC8ED /* Frameworks */,
				1FF5FB5F2C4FBF25001CC8ED /* Resources */,
			);
			buildRules = (
			);
			dependencies = (
			);
			name = "pokeDex-example-app";
			packageProductDependencies = (
				1FF5FBB52C50E868001CC8ED /* AssetKit */,
				1F96002E2C5143AC00C83FCB /* Logger */,
				1FAA989B2C517247007E98C5 /* ComponentsKit */,
				1FB852252C53B3E70016666E /* Networking */,
			);
			productName = "pokeDex-example-app";
			productReference = 1FF5FB612C4FBF26001CC8ED /* pokeDex-example-app.app */;
			productType = "com.apple.product-type.application";
		};
		1FF5FB762C4FBF26001CC8ED /* pokeDex-example-appTests */ = {
			isa = PBXNativeTarget;
			buildConfigurationList = 1FF5FB8E2C4FBF26001CC8ED /* Build configuration list for PBXNativeTarget "pokeDex-example-appTests" */;
			buildPhases = (
				1FF5FB732C4FBF26001CC8ED /* Sources */,
				1FF5FB742C4FBF26001CC8ED /* Frameworks */,
				1FF5FB752C4FBF26001CC8ED /* Resources */,
			);
			buildRules = (
			);
			dependencies = (
				1FF5FB792C4FBF26001CC8ED /* PBXTargetDependency */,
			);
			name = "pokeDex-example-appTests";
			productName = "pokeDex-example-appTests";
			productReference = 1FF5FB772C4FBF26001CC8ED /* pokeDex-example-appTests.xctest */;
			productType = "com.apple.product-type.bundle.unit-test";
		};
/* End PBXNativeTarget section */

/* Begin PBXProject section */
		1FF5FB592C4FBF25001CC8ED /* Project object */ = {
			isa = PBXProject;
			attributes = {
				BuildIndependentTargetsInParallel = 1;
				LastSwiftUpdateCheck = 1540;
				LastUpgradeCheck = 1540;
				TargetAttributes = {
					1FF5FB602C4FBF25001CC8ED = {
						CreatedOnToolsVersion = 15.4;
					};
					1FF5FB762C4FBF26001CC8ED = {
						CreatedOnToolsVersion = 15.4;
						TestTargetID = 1FF5FB602C4FBF25001CC8ED;
					};
				};
			};
			buildConfigurationList = 1FF5FB5C2C4FBF25001CC8ED /* Build configuration list for PBXProject "pokeDex-example-app" */;
			compatibilityVersion = "Xcode 14.0";
			developmentRegion = en;
			hasScannedForEncodings = 0;
			knownRegions = (
				en,
				Base,
			);
			mainGroup = 1FF5FB582C4FBF25001CC8ED;
			productRefGroup = 1FF5FB622C4FBF26001CC8ED /* Products */;
			projectDirPath = "";
			projectRoot = "";
			targets = (
				1FF5FB602C4FBF25001CC8ED /* pokeDex-example-app */,
				1FF5FB762C4FBF26001CC8ED /* pokeDex-example-appTests */,
			);
		};
/* End PBXProject section */

/* Begin PBXResourcesBuildPhase section */
		1FF5FB5F2C4FBF25001CC8ED /* Resources */ = {
			isa = PBXResourcesBuildPhase;
			buildActionMask = 2147483647;
			files = (
				1FF5FB6E2C4FBF26001CC8ED /* Assets.xcassets in Resources */,
				1FF5FBA72C4FC720001CC8ED /* Splash.storyboard in Resources */,
			);
			runOnlyForDeploymentPostprocessing = 0;
		};
		1FF5FB752C4FBF26001CC8ED /* Resources */ = {
			isa = PBXResourcesBuildPhase;
			buildActionMask = 2147483647;
			files = (
			);
			runOnlyForDeploymentPostprocessing = 0;
		};
/* End PBXResourcesBuildPhase section */

/* Begin PBXSourcesBuildPhase section */
		1FF5FB5D2C4FBF25001CC8ED /* Sources */ = {
			isa = PBXSourcesBuildPhase;
			buildActionMask = 2147483647;
			files = (
				1F4AB0B52C524DD00077EE71 /* AppNavController.swift in Sources */,
				1FF5FBAE2C4FC81E001CC8ED /* SplashVM.swift in Sources */,
				1FF5FBB82C50EC0D001CC8ED /* AppViewController.swift in Sources */,
				1F88122B2C5522CB0038CBD0 /* ViewExtension.swift in Sources */,
				1F9600312C5143E600C83FCB /* AppStrings.swift in Sources */,
				1FF5FB652C4FBF26001CC8ED /* AppDelegate.swift in Sources */,
				1F8812262C5505490038CBD0 /* Pokemon.swift in Sources */,
				1FF5FBBB2C50ECAA001CC8ED /* UIViewExtension.swift in Sources */,
				1F4AB0BF2C525F340077EE71 /* PokemonListVM.swift in Sources */,
				1F4AB0C42C525FAD0077EE71 /* PokemonDetailsCoordinator.swift in Sources */,
				1FF5FBAC2C4FC80E001CC8ED /* SplashSC.swift in Sources */,
				1FF5FB9E2C4FC3C5001CC8ED /* PokemonDetailsSC.swift in Sources */,
				1FF5FBA22C4FC406001CC8ED /* PokemonDetailsVM.swift in Sources */,
				1F4AB0BE2C525F340077EE71 /* PokemonListSC.swift in Sources */,
				1FF5FB9A2C4FC356001CC8ED /* HomeRootVC.swift in Sources */,
				1F88122E2C55435A0038CBD0 /* PokemonManager.swift in Sources */,
				1FF5FBA92C4FC7C9001CC8ED /* SplashRootVC.swift in Sources */,
				1F8812292C55225F0038CBD0 /* ViewDidLoadModifier.swift in Sources */,
				1FF5FBB22C4FC878001CC8ED /* SplashCoordinator.swift in Sources */,
				1FF5FBA42C4FC47B001CC8ED /* AppCoordinator.swift in Sources */,
				1F4AB0C12C525F6A0077EE71 /* PokemonDetailsRootVC.swift in Sources */,
				1FF5FBB02C4FC84D001CC8ED /* HomeCoordinator.swift in Sources */,
			);
			runOnlyForDeploymentPostprocessing = 0;
		};
		1FF5FB732C4FBF26001CC8ED /* Sources */ = {
			isa = PBXSourcesBuildPhase;
			buildActionMask = 2147483647;
			files = (
				1FF5FB7C2C4FBF26001CC8ED /* pokeDex_example_appTests.swift in Sources */,
			);
			runOnlyForDeploymentPostprocessing = 0;
		};
/* End PBXSourcesBuildPhase section */

/* Begin PBXTargetDependency section */
		1FF5FB792C4FBF26001CC8ED /* PBXTargetDependency */ = {
			isa = PBXTargetDependency;
			target = 1FF5FB602C4FBF25001CC8ED /* pokeDex-example-app */;
			targetProxy = 1FF5FB782C4FBF26001CC8ED /* PBXContainerItemProxy */;
		};
/* End PBXTargetDependency section */

/* Begin XCBuildConfiguration section */
		1FF5FB892C4FBF26001CC8ED /* Debug */ = {
			isa = XCBuildConfiguration;
			buildSettings = {
				ALWAYS_SEARCH_USER_PATHS = NO;
				ASSETCATALOG_COMPILER_GENERATE_SWIFT_ASSET_SYMBOL_EXTENSIONS = YES;
				CLANG_ANALYZER_NONNULL = YES;
				CLANG_ANALYZER_NUMBER_OBJECT_CONVERSION = YES_AGGRESSIVE;
				CLANG_CXX_LANGUAGE_STANDARD = "gnu++20";
				CLANG_ENABLE_MODULES = YES;
				CLANG_ENABLE_OBJC_ARC = YES;
				CLANG_ENABLE_OBJC_WEAK = YES;
				CLANG_WARN_BLOCK_CAPTURE_AUTORELEASING = YES;
				CLANG_WARN_BOOL_CONVERSION = YES;
				CLANG_WARN_COMMA = YES;
				CLANG_WARN_CONSTANT_CONVERSION = YES;
				CLANG_WARN_DEPRECATED_OBJC_IMPLEMENTATIONS = YES;
				CLANG_WARN_DIRECT_OBJC_ISA_USAGE = YES_ERROR;
				CLANG_WARN_DOCUMENTATION_COMMENTS = YES;
				CLANG_WARN_EMPTY_BODY = YES;
				CLANG_WARN_ENUM_CONVERSION = YES;
				CLANG_WARN_INFINITE_RECURSION = YES;
				CLANG_WARN_INT_CONVERSION = YES;
				CLANG_WARN_NON_LITERAL_NULL_CONVERSION = YES;
				CLANG_WARN_OBJC_IMPLICIT_RETAIN_SELF = YES;
				CLANG_WARN_OBJC_LITERAL_CONVERSION = YES;
				CLANG_WARN_OBJC_ROOT_CLASS = YES_ERROR;
				CLANG_WARN_QUOTED_INCLUDE_IN_FRAMEWORK_HEADER = YES;
				CLANG_WARN_RANGE_LOOP_ANALYSIS = YES;
				CLANG_WARN_STRICT_PROTOTYPES = YES;
				CLANG_WARN_SUSPICIOUS_MOVE = YES;
				CLANG_WARN_UNGUARDED_AVAILABILITY = YES_AGGRESSIVE;
				CLANG_WARN_UNREACHABLE_CODE = YES;
				CLANG_WARN__DUPLICATE_METHOD_MATCH = YES;
				COPY_PHASE_STRIP = NO;
				DEBUG_INFORMATION_FORMAT = dwarf;
				ENABLE_STRICT_OBJC_MSGSEND = YES;
				ENABLE_TESTABILITY = YES;
				ENABLE_USER_SCRIPT_SANDBOXING = YES;
				GCC_C_LANGUAGE_STANDARD = gnu17;
				GCC_DYNAMIC_NO_PIC = NO;
				GCC_NO_COMMON_BLOCKS = YES;
				GCC_OPTIMIZATION_LEVEL = 0;
				GCC_PREPROCESSOR_DEFINITIONS = (
					"DEBUG=1",
					"$(inherited)",
				);
				GCC_WARN_64_TO_32_BIT_CONVERSION = YES;
				GCC_WARN_ABOUT_RETURN_TYPE = YES_ERROR;
				GCC_WARN_UNDECLARED_SELECTOR = YES;
				GCC_WARN_UNINITIALIZED_AUTOS = YES_AGGRESSIVE;
				GCC_WARN_UNUSED_FUNCTION = YES;
				GCC_WARN_UNUSED_VARIABLE = YES;
				IPHONEOS_DEPLOYMENT_TARGET = 15.0;
				LOCALIZATION_PREFERS_STRING_CATALOGS = YES;
				MTL_ENABLE_DEBUG_INFO = INCLUDE_SOURCE;
				MTL_FAST_MATH = YES;
				ONLY_ACTIVE_ARCH = YES;
				SDKROOT = iphoneos;
				SWIFT_ACTIVE_COMPILATION_CONDITIONS = "DEBUG $(inherited)";
				SWIFT_OPTIMIZATION_LEVEL = "-Onone";
			};
			name = Debug;
		};
		1FF5FB8A2C4FBF26001CC8ED /* Release */ = {
			isa = XCBuildConfiguration;
			buildSettings = {
				ALWAYS_SEARCH_USER_PATHS = NO;
				ASSETCATALOG_COMPILER_GENERATE_SWIFT_ASSET_SYMBOL_EXTENSIONS = YES;
				CLANG_ANALYZER_NONNULL = YES;
				CLANG_ANALYZER_NUMBER_OBJECT_CONVERSION = YES_AGGRESSIVE;
				CLANG_CXX_LANGUAGE_STANDARD = "gnu++20";
				CLANG_ENABLE_MODULES = YES;
				CLANG_ENABLE_OBJC_ARC = YES;
				CLANG_ENABLE_OBJC_WEAK = YES;
				CLANG_WARN_BLOCK_CAPTURE_AUTORELEASING = YES;
				CLANG_WARN_BOOL_CONVERSION = YES;
				CLANG_WARN_COMMA = YES;
				CLANG_WARN_CONSTANT_CONVERSION = YES;
				CLANG_WARN_DEPRECATED_OBJC_IMPLEMENTATIONS = YES;
				CLANG_WARN_DIRECT_OBJC_ISA_USAGE = YES_ERROR;
				CLANG_WARN_DOCUMENTATION_COMMENTS = YES;
				CLANG_WARN_EMPTY_BODY = YES;
				CLANG_WARN_ENUM_CONVERSION = YES;
				CLANG_WARN_INFINITE_RECURSION = YES;
				CLANG_WARN_INT_CONVERSION = YES;
				CLANG_WARN_NON_LITERAL_NULL_CONVERSION = YES;
				CLANG_WARN_OBJC_IMPLICIT_RETAIN_SELF = YES;
				CLANG_WARN_OBJC_LITERAL_CONVERSION = YES;
				CLANG_WARN_OBJC_ROOT_CLASS = YES_ERROR;
				CLANG_WARN_QUOTED_INCLUDE_IN_FRAMEWORK_HEADER = YES;
				CLANG_WARN_RANGE_LOOP_ANALYSIS = YES;
				CLANG_WARN_STRICT_PROTOTYPES = YES;
				CLANG_WARN_SUSPICIOUS_MOVE = YES;
				CLANG_WARN_UNGUARDED_AVAILABILITY = YES_AGGRESSIVE;
				CLANG_WARN_UNREACHABLE_CODE = YES;
				CLANG_WARN__DUPLICATE_METHOD_MATCH = YES;
				COPY_PHASE_STRIP = NO;
				DEBUG_INFORMATION_FORMAT = "dwarf-with-dsym";
				ENABLE_NS_ASSERTIONS = NO;
				ENABLE_STRICT_OBJC_MSGSEND = YES;
				ENABLE_USER_SCRIPT_SANDBOXING = YES;
				GCC_C_LANGUAGE_STANDARD = gnu17;
				GCC_NO_COMMON_BLOCKS = YES;
				GCC_WARN_64_TO_32_BIT_CONVERSION = YES;
				GCC_WARN_ABOUT_RETURN_TYPE = YES_ERROR;
				GCC_WARN_UNDECLARED_SELECTOR = YES;
				GCC_WARN_UNINITIALIZED_AUTOS = YES_AGGRESSIVE;
				GCC_WARN_UNUSED_FUNCTION = YES;
				GCC_WARN_UNUSED_VARIABLE = YES;
				IPHONEOS_DEPLOYMENT_TARGET = 15.0;
				LOCALIZATION_PREFERS_STRING_CATALOGS = YES;
				MTL_ENABLE_DEBUG_INFO = NO;
				MTL_FAST_MATH = YES;
				SDKROOT = iphoneos;
				SWIFT_COMPILATION_MODE = wholemodule;
				VALIDATE_PRODUCT = YES;
			};
			name = Release;
		};
		1FF5FB8C2C4FBF26001CC8ED /* Debug */ = {
			isa = XCBuildConfiguration;
			buildSettings = {
				ASSETCATALOG_COMPILER_APPICON_NAME = AppIcon;
				ASSETCATALOG_COMPILER_GLOBAL_ACCENT_COLOR_NAME = AccentColor;
				CODE_SIGN_STYLE = Automatic;
				CURRENT_PROJECT_VERSION = 1;
				GENERATE_INFOPLIST_FILE = YES;
				INFOPLIST_FILE = "pokeDex-example-app/Info.plist";
				INFOPLIST_KEY_LSApplicationCategoryType = "public.app-category.utilities";
				INFOPLIST_KEY_UIApplicationSupportsIndirectInputEvents = YES;
				INFOPLIST_KEY_UILaunchStoryboardName = Splash.storyboard;
				INFOPLIST_KEY_UIMainStoryboardFile = Splash;
				INFOPLIST_KEY_UISupportedInterfaceOrientations = UIInterfaceOrientationPortrait;
				INFOPLIST_KEY_UISupportedInterfaceOrientations_iPad = "UIInterfaceOrientationLandscapeLeft UIInterfaceOrientationLandscapeRight UIInterfaceOrientationPortrait UIInterfaceOrientationPortraitUpsideDown";
				IPHONEOS_DEPLOYMENT_TARGET = 15.0;
				LD_RUNPATH_SEARCH_PATHS = (
					"$(inherited)",
					"@executable_path/Frameworks",
				);
				MARKETING_VERSION = 1.0;
				PRODUCT_BUNDLE_IDENTIFIER = "com.pokeDex-example-app.pokeDex-example-app";
				PRODUCT_NAME = "$(TARGET_NAME)";
				SUPPORTED_PLATFORMS = "iphoneos iphonesimulator";
				SUPPORTS_MACCATALYST = NO;
				SUPPORTS_MAC_DESIGNED_FOR_IPHONE_IPAD = NO;
				SUPPORTS_XR_DESIGNED_FOR_IPHONE_IPAD = NO;
				SWIFT_EMIT_LOC_STRINGS = YES;
				SWIFT_VERSION = 5.0;
				TARGETED_DEVICE_FAMILY = 1;
			};
			name = Debug;
		};
		1FF5FB8D2C4FBF26001CC8ED /* Release */ = {
			isa = XCBuildConfiguration;
			buildSettings = {
				ASSETCATALOG_COMPILER_APPICON_NAME = AppIcon;
				ASSETCATALOG_COMPILER_GLOBAL_ACCENT_COLOR_NAME = AccentColor;
				CODE_SIGN_STYLE = Automatic;
				CURRENT_PROJECT_VERSION = 1;
				GENERATE_INFOPLIST_FILE = YES;
				INFOPLIST_FILE = "pokeDex-example-app/Info.plist";
				INFOPLIST_KEY_LSApplicationCategoryType = "public.app-category.utilities";
				INFOPLIST_KEY_UIApplicationSupportsIndirectInputEvents = YES;
				INFOPLIST_KEY_UILaunchStoryboardName = Splash.storyboard;
				INFOPLIST_KEY_UIMainStoryboardFile = Splash;
				INFOPLIST_KEY_UISupportedInterfaceOrientations = UIInterfaceOrientationPortrait;
				INFOPLIST_KEY_UISupportedInterfaceOrientations_iPad = "UIInterfaceOrientationLandscapeLeft UIInterfaceOrientationLandscapeRight UIInterfaceOrientationPortrait UIInterfaceOrientationPortraitUpsideDown";
				IPHONEOS_DEPLOYMENT_TARGET = 15.0;
				LD_RUNPATH_SEARCH_PATHS = (
					"$(inherited)",
					"@executable_path/Frameworks",
				);
				MARKETING_VERSION = 1.0;
				PRODUCT_BUNDLE_IDENTIFIER = "com.pokeDex-example-app.pokeDex-example-app";
				PRODUCT_NAME = "$(TARGET_NAME)";
				SUPPORTED_PLATFORMS = "iphoneos iphonesimulator";
				SUPPORTS_MACCATALYST = NO;
				SUPPORTS_MAC_DESIGNED_FOR_IPHONE_IPAD = NO;
				SUPPORTS_XR_DESIGNED_FOR_IPHONE_IPAD = NO;
				SWIFT_EMIT_LOC_STRINGS = YES;
				SWIFT_VERSION = 5.0;
				TARGETED_DEVICE_FAMILY = 1;
			};
			name = Release;
		};
		1FF5FB8F2C4FBF26001CC8ED /* Debug */ = {
			isa = XCBuildConfiguration;
			buildSettings = {
				ALWAYS_EMBED_SWIFT_STANDARD_LIBRARIES = YES;
				BUNDLE_LOADER = "$(TEST_HOST)";
				CODE_SIGN_STYLE = Automatic;
				CURRENT_PROJECT_VERSION = 1;
				GENERATE_INFOPLIST_FILE = YES;
				IPHONEOS_DEPLOYMENT_TARGET = 15.0;
				MARKETING_VERSION = 1.0;
				PRODUCT_BUNDLE_IDENTIFIER = "com.pokeDex-example-app.pokeDex-example-appTests";
				PRODUCT_NAME = "$(TARGET_NAME)";
				SUPPORTED_PLATFORMS = "iphoneos iphonesimulator";
				SUPPORTS_MACCATALYST = NO;
				SUPPORTS_MAC_DESIGNED_FOR_IPHONE_IPAD = NO;
				SUPPORTS_XR_DESIGNED_FOR_IPHONE_IPAD = NO;
				SWIFT_EMIT_LOC_STRINGS = NO;
				SWIFT_VERSION = 5.0;
				TARGETED_DEVICE_FAMILY = 1;
				TEST_HOST = "$(BUILT_PRODUCTS_DIR)/pokeDex-example-app.app/$(BUNDLE_EXECUTABLE_FOLDER_PATH)/pokeDex-example-app";
			};
			name = Debug;
		};
		1FF5FB902C4FBF26001CC8ED /* Release */ = {
			isa = XCBuildConfiguration;
			buildSettings = {
				ALWAYS_EMBED_SWIFT_STANDARD_LIBRARIES = YES;
				BUNDLE_LOADER = "$(TEST_HOST)";
				CODE_SIGN_STYLE = Automatic;
				CURRENT_PROJECT_VERSION = 1;
				GENERATE_INFOPLIST_FILE = YES;
				IPHONEOS_DEPLOYMENT_TARGET = 15.0;
				MARKETING_VERSION = 1.0;
				PRODUCT_BUNDLE_IDENTIFIER = "com.pokeDex-example-app.pokeDex-example-appTests";
				PRODUCT_NAME = "$(TARGET_NAME)";
				SUPPORTED_PLATFORMS = "iphoneos iphonesimulator";
				SUPPORTS_MACCATALYST = NO;
				SUPPORTS_MAC_DESIGNED_FOR_IPHONE_IPAD = NO;
				SUPPORTS_XR_DESIGNED_FOR_IPHONE_IPAD = NO;
				SWIFT_EMIT_LOC_STRINGS = NO;
				SWIFT_VERSION = 5.0;
				TARGETED_DEVICE_FAMILY = 1;
				TEST_HOST = "$(BUILT_PRODUCTS_DIR)/pokeDex-example-app.app/$(BUNDLE_EXECUTABLE_FOLDER_PATH)/pokeDex-example-app";
			};
			name = Release;
		};
/* End XCBuildConfiguration section */

/* Begin XCConfigurationList section */
		1FF5FB5C2C4FBF25001CC8ED /* Build configuration list for PBXProject "pokeDex-example-app" */ = {
			isa = XCConfigurationList;
			buildConfigurations = (
				1FF5FB892C4FBF26001CC8ED /* Debug */,
				1FF5FB8A2C4FBF26001CC8ED /* Release */,
			);
			defaultConfigurationIsVisible = 0;
			defaultConfigurationName = Release;
		};
		1FF5FB8B2C4FBF26001CC8ED /* Build configuration list for PBXNativeTarget "pokeDex-example-app" */ = {
			isa = XCConfigurationList;
			buildConfigurations = (
				1FF5FB8C2C4FBF26001CC8ED /* Debug */,
				1FF5FB8D2C4FBF26001CC8ED /* Release */,
			);
			defaultConfigurationIsVisible = 0;
			defaultConfigurationName = Release;
		};
		1FF5FB8E2C4FBF26001CC8ED /* Build configuration list for PBXNativeTarget "pokeDex-example-appTests" */ = {
			isa = XCConfigurationList;
			buildConfigurations = (
				1FF5FB8F2C4FBF26001CC8ED /* Debug */,
				1FF5FB902C4FBF26001CC8ED /* Release */,
			);
			defaultConfigurationIsVisible = 0;
			defaultConfigurationName = Release;
		};
/* End XCConfigurationList section */

/* Begin XCSwiftPackageProductDependency section */
		1F96002E2C5143AC00C83FCB /* Logger */ = {
			isa = XCSwiftPackageProductDependency;
			productName = Logger;
		};
		1FAA989B2C517247007E98C5 /* ComponentsKit */ = {
			isa = XCSwiftPackageProductDependency;
			productName = ComponentsKit;
		};
		1FB852252C53B3E70016666E /* Networking */ = {
			isa = XCSwiftPackageProductDependency;
			productName = Networking;
		};
		1FF5FBB52C50E868001CC8ED /* AssetKit */ = {
			isa = XCSwiftPackageProductDependency;
			productName = AssetKit;
		};
/* End XCSwiftPackageProductDependency section */
	};
	rootObject = 1FF5FB592C4FBF25001CC8ED /* Project object */;
}
